
Microsoft Visual Studio Solution File, Format Version 12.00
# Visual Studio Version 16
VisualStudioVersion = 16.0.29911.84
MinimumVisualStudioVersion = 10.0.40219.1
Project("{888888A0-9F3D-457C-B088-3A5042F75D52}") = "PythonApplication console app", "PythonApplication console app\PythonApplication console app.pyproj", "{CE2A577D-CA91-41A8-96E5-FF4FBCC56518}"
EndProject
Global
	GlobalSection(SolutionConfigurationPlatforms) = preSolution
		Debug|Any CPU = Debug|Any CPU
		Release|Any CPU = Release|Any CPU
	EndGlobalSection
	GlobalSection(ProjectConfigurationPlatforms) = postSolution
		{CE2A577D-CA91-41A8-96E5-FF4FBCC56518}.Debug|Any CPU.ActiveCfg = Debug|Any CPU
		{CE2A577D-CA91-41A8-96E5-FF4FBCC56518}.Release|Any CPU.ActiveCfg = Release|Any CPU
	EndGlobalSection
	GlobalSection(SolutionProperties) = preSolution
		HideSolutionNode = FALSE
	EndGlobalSection
	GlobalSection(ExtensibilityGlobals) = postSolution
		SolutionGuid = {4561202B-65B7-478F-82DE-FD7037C0D17F}
	EndGlobalSection
EndGlobal
